{
  "pins" : [
    {
      "identity" : "swipeactions",
      "kind" : "remoteSourceControl",
      "location" : "https://github.com/vpl-codesign/SwipeActions.git",
      "state" : {
        "branch" : "main",
        "revision" : "63cc57f9709e0cde213358e604ddb81d1648f210"
      }
    }
  ],
  "version" : 2
}
