{
  "pins" : [
    {
      "identity" : "swipeactions",
      "kind" : "remoteSourceControl",
      "location" : "https://github.com/StitchDesign/SwipeActions.git",
      "state" : {
        "revision" : "63cc57f9709e0cde213358e604ddb81d1648f210",
        "version" : "1.0.1"
      }
    }
  ],
  "version" : 2
}
